{
  "name": "topcoat-oracle-driver-js",
  "version": "0.1.0",
  "lockfileVersion": 3,
  "requires": true,
  "packages": {
    "": {
      "name": "topcoat-oracle-driver-js",
      "version": "0.1.0",
      "license": "MIT OR Apache-2.0",
      "dependencies": {
        "@maverick-js/signals": "6.0.0"
      }
    },
    "node_modules/@maverick-js/signals": {
      "version": "6.0.0",
      "resolved": "https://registry.npmjs.org/@maverick-js/signals/-/signals-6.0.0.tgz",
      "integrity": "sha512-aPAxQOjxcGaLpjMcfE0mRuMgnCVLfdPSGINYmKDjTbTfY37lZdz9CGnVDrkr+svNSADZbUVk7oPVjXA2+vtxYg==",
      "license": "MIT"
    }
  }
}
